
Microsoft Visual Studio Solution File, Format Version 12.00
# Visual Studio 2012
Project("{FAE04EC0-301F-11D3-BF4B-00C04F79EFBC}") = "Xamplate.Android", "Xamplate.Android\Xamplate.Android.csproj", "{C7DFC587-44D2-48E4-AA79-0A59A21F6D96}"
EndProject
Project("{FAE04EC0-301F-11D3-BF4B-00C04F79EFBC}") = "Xamplate.iOS", "Xamplate.iOS\Xamplate.iOS.csproj", "{ECD0E406-2F49-44FF-80B8-04C6E7D04641}"
EndProject
Project("{FAE04EC0-301F-11D3-BF4B-00C04F79EFBC}") = "Xamplate", "Xamplate\Xamplate.csproj", "{A37F52F6-1478-4E0E-86B4-D58B819B3AD8}"
EndProject
Global
	GlobalSection(SolutionConfigurationPlatforms) = preSolution
		Debug|Any CPU = Debug|Any CPU
		Release|Any CPU = Release|Any CPU
		Debug|iPhoneSimulator = Debug|iPhoneSimulator
		Release|iPhoneSimulator = Release|iPhoneSimulator
		Debug|iPhone = Debug|iPhone
		Release|iPhone = Release|iPhone
		Ad-Hoc|iPhone = Ad-Hoc|iPhone
		AppStore|iPhone = AppStore|iPhone
	EndGlobalSection
	GlobalSection(ProjectConfigurationPlatforms) = postSolution
		{C7DFC587-44D2-48E4-AA79-0A59A21F6D96}.Debug|Any CPU.ActiveCfg = Debug|Any CPU
		{C7DFC587-44D2-48E4-AA79-0A59A21F6D96}.Debug|Any CPU.Build.0 = Debug|Any CPU
		{C7DFC587-44D2-48E4-AA79-0A59A21F6D96}.Release|Any CPU.ActiveCfg = Release|Any CPU
		{C7DFC587-44D2-48E4-AA79-0A59A21F6D96}.Release|Any CPU.Build.0 = Release|Any CPU
		{C7DFC587-44D2-48E4-AA79-0A59A21F6D96}.Debug|iPhoneSimulator.ActiveCfg = Debug|Any CPU
		{C7DFC587-44D2-48E4-AA79-0A59A21F6D96}.Debug|iPhoneSimulator.Build.0 = Debug|Any CPU
		{C7DFC587-44D2-48E4-AA79-0A59A21F6D96}.Release|iPhoneSimulator.ActiveCfg = Release|Any CPU
		{C7DFC587-44D2-48E4-AA79-0A59A21F6D96}.Release|iPhoneSimulator.Build.0 = Release|Any CPU
		{C7DFC587-44D2-48E4-AA79-0A59A21F6D96}.Debug|iPhone.ActiveCfg = Debug|Any CPU
		{C7DFC587-44D2-48E4-AA79-0A59A21F6D96}.Debug|iPhone.Build.0 = Debug|Any CPU
		{C7DFC587-44D2-48E4-AA79-0A59A21F6D96}.Release|iPhone.ActiveCfg = Release|Any CPU
		{C7DFC587-44D2-48E4-AA79-0A59A21F6D96}.Release|iPhone.Build.0 = Release|Any CPU
		{C7DFC587-44D2-48E4-AA79-0A59A21F6D96}.Ad-Hoc|iPhone.ActiveCfg = Debug|Any CPU
		{C7DFC587-44D2-48E4-AA79-0A59A21F6D96}.Ad-Hoc|iPhone.Build.0 = Debug|Any CPU
		{C7DFC587-44D2-48E4-AA79-0A59A21F6D96}.AppStore|iPhone.ActiveCfg = Debug|Any CPU
		{C7DFC587-44D2-48E4-AA79-0A59A21F6D96}.AppStore|iPhone.Build.0 = Debug|Any CPU
		{ECD0E406-2F49-44FF-80B8-04C6E7D04641}.Debug|Any CPU.ActiveCfg = Debug|iPhoneSimulator
		{ECD0E406-2F49-44FF-80B8-04C6E7D04641}.Debug|Any CPU.Build.0 = Debug|iPhoneSimulator
		{ECD0E406-2F49-44FF-80B8-04C6E7D04641}.Release|Any CPU.ActiveCfg = Release|iPhoneSimulator
		{ECD0E406-2F49-44FF-80B8-04C6E7D04641}.Release|Any CPU.Build.0 = Release|iPhoneSimulator
		{ECD0E406-2F49-44FF-80B8-04C6E7D04641}.Debug|iPhoneSimulator.ActiveCfg = Debug|iPhoneSimulator
		{ECD0E406-2F49-44FF-80B8-04C6E7D04641}.Debug|iPhoneSimulator.Build.0 = Debug|iPhoneSimulator
		{ECD0E406-2F49-44FF-80B8-04C6E7D04641}.Release|iPhoneSimulator.ActiveCfg = Release|iPhoneSimulator
		{ECD0E406-2F49-44FF-80B8-04C6E7D04641}.Release|iPhoneSimulator.Build.0 = Release|iPhoneSimulator
		{ECD0E406-2F49-44FF-80B8-04C6E7D04641}.Debug|iPhone.ActiveCfg = Debug|iPhone
		{ECD0E406-2F49-44FF-80B8-04C6E7D04641}.Debug|iPhone.Build.0 = Debug|iPhone
		{ECD0E406-2F49-44FF-80B8-04C6E7D04641}.Release|iPhone.ActiveCfg = Release|iPhone
		{ECD0E406-2F49-44FF-80B8-04C6E7D04641}.Release|iPhone.Build.0 = Release|iPhone
		{ECD0E406-2F49-44FF-80B8-04C6E7D04641}.Ad-Hoc|iPhone.ActiveCfg = Ad-Hoc|iPhone
		{ECD0E406-2F49-44FF-80B8-04C6E7D04641}.Ad-Hoc|iPhone.Build.0 = Ad-Hoc|iPhone
		{ECD0E406-2F49-44FF-80B8-04C6E7D04641}.AppStore|iPhone.ActiveCfg = AppStore|iPhone
		{ECD0E406-2F49-44FF-80B8-04C6E7D04641}.AppStore|iPhone.Build.0 = AppStore|iPhone
		{A37F52F6-1478-4E0E-86B4-D58B819B3AD8}.Debug|Any CPU.ActiveCfg = Debug|Any CPU
		{A37F52F6-1478-4E0E-86B4-D58B819B3AD8}.Debug|Any CPU.Build.0 = Debug|Any CPU
		{A37F52F6-1478-4E0E-86B4-D58B819B3AD8}.Release|Any CPU.ActiveCfg = Release|Any CPU
		{A37F52F6-1478-4E0E-86B4-D58B819B3AD8}.Release|Any CPU.Build.0 = Release|Any CPU
		{A37F52F6-1478-4E0E-86B4-D58B819B3AD8}.Debug|iPhoneSimulator.ActiveCfg = Debug|Any CPU
		{A37F52F6-1478-4E0E-86B4-D58B819B3AD8}.Debug|iPhoneSimulator.Build.0 = Debug|Any CPU
		{A37F52F6-1478-4E0E-86B4-D58B819B3AD8}.Release|iPhoneSimulator.ActiveCfg = Release|Any CPU
		{A37F52F6-1478-4E0E-86B4-D58B819B3AD8}.Release|iPhoneSimulator.Build.0 = Release|Any CPU
		{A37F52F6-1478-4E0E-86B4-D58B819B3AD8}.Debug|iPhone.ActiveCfg = Debug|Any CPU
		{A37F52F6-1478-4E0E-86B4-D58B819B3AD8}.Debug|iPhone.Build.0 = Debug|Any CPU
		{A37F52F6-1478-4E0E-86B4-D58B819B3AD8}.Release|iPhone.ActiveCfg = Release|Any CPU
		{A37F52F6-1478-4E0E-86B4-D58B819B3AD8}.Release|iPhone.Build.0 = Release|Any CPU
		{A37F52F6-1478-4E0E-86B4-D58B819B3AD8}.Ad-Hoc|iPhone.ActiveCfg = Debug|Any CPU
		{A37F52F6-1478-4E0E-86B4-D58B819B3AD8}.Ad-Hoc|iPhone.Build.0 = Debug|Any CPU
		{A37F52F6-1478-4E0E-86B4-D58B819B3AD8}.AppStore|iPhone.ActiveCfg = Debug|Any CPU
		{A37F52F6-1478-4E0E-86B4-D58B819B3AD8}.AppStore|iPhone.Build.0 = Debug|Any CPU
	EndGlobalSection
EndGlobal
